
Microsoft Visual Studio Solution File, Format Version 12.00
# Visual Studio Version 16
VisualStudioVersion = 16.0.29709.97
MinimumVisualStudioVersion = 10.0.40219.1
Project("{FAE04EC0-301F-11D3-BF4B-00C04F79EFBC}") = "youtube-subs", "youtube-subs.csproj", "{BE4847A5-E223-4291-8695-8CBE7312FBB4}"
EndProject
Global
	GlobalSection(SolutionConfigurationPlatforms) = preSolution
		Debug|Any CPU = Debug|Any CPU
		Release|Any CPU = Release|Any CPU
	EndGlobalSection
	GlobalSection(ProjectConfigurationPlatforms) = postSolution
		{BE4847A5-E223-4291-8695-8CBE7312FBB4}.Debug|Any CPU.ActiveCfg = Debug|Any CPU
		{BE4847A5-E223-4291-8695-8CBE7312FBB4}.Debug|Any CPU.Build.0 = Debug|Any CPU
		{BE4847A5-E223-4291-8695-8CBE7312FBB4}.Release|Any CPU.ActiveCfg = Release|Any CPU
		{BE4847A5-E223-4291-8695-8CBE7312FBB4}.Release|Any CPU.Build.0 = Release|Any CPU
	EndGlobalSection
	GlobalSection(SolutionProperties) = preSolution
		HideSolutionNode = FALSE
	EndGlobalSection
	GlobalSection(ExtensibilityGlobals) = postSolution
		SolutionGuid = {DB7E0415-4E51-4257-97C0-F63CD93B0706}
	EndGlobalSection
EndGlobal
